
Microsoft Visual Studio Solution File, Format Version 12.00
# Visual Studio 15
VisualStudioVersion = 15.0.28010.2050
MinimumVisualStudioVersion = 10.0.40219.1
Project("{FAE04EC0-301F-11D3-BF4B-00C04F79EFBC}") = "calc", "calc\calc.csproj", "{F0FDDCCE-5CB6-440E-A540-0C0ECE17F2E8}"
EndProject
Global
	GlobalSection(SolutionConfigurationPlatforms) = preSolution
		Debug|Any CPU = Debug|Any CPU
		Release|Any CPU = Release|Any CPU
	EndGlobalSection
	GlobalSection(ProjectConfigurationPlatforms) = postSolution
		{F0FDDCCE-5CB6-440E-A540-0C0ECE17F2E8}.Debug|Any CPU.ActiveCfg = Debug|Any CPU
		{F0FDDCCE-5CB6-440E-A540-0C0ECE17F2E8}.Debug|Any CPU.Build.0 = Debug|Any CPU
		{F0FDDCCE-5CB6-440E-A540-0C0ECE17F2E8}.Release|Any CPU.ActiveCfg = Release|Any CPU
		{F0FDDCCE-5CB6-440E-A540-0C0ECE17F2E8}.Release|Any CPU.Build.0 = Release|Any CPU
	EndGlobalSection
	GlobalSection(SolutionProperties) = preSolution
		HideSolutionNode = FALSE
	EndGlobalSection
	GlobalSection(ExtensibilityGlobals) = postSolution
		SolutionGuid = {F7D6DDCC-96DB-4EFE-AE05-36CAE3D01E0E}
	EndGlobalSection
EndGlobal
